
Microsoft Visual Studio Solution File, Format Version 12.00
# Visual Studio Version 16
VisualStudioVersion = 16.0.31025.194
MinimumVisualStudioVersion = 10.0.40219.1
Project("{FAE04EC0-301F-11D3-BF4B-00C04F79EFBC}") = "KeyLockKiller", "KeyLockKiller.csproj", "{C423410C-936D-44D6-AEBC-A8BB323D936E}"
EndProject
Global
	GlobalSection(SolutionConfigurationPlatforms) = preSolution
		Debug|Any CPU = Debug|Any CPU
		Release|Any CPU = Release|Any CPU
	EndGlobalSection
	GlobalSection(ProjectConfigurationPlatforms) = postSolution
		{C423410C-936D-44D6-AEBC-A8BB323D936E}.Debug|Any CPU.ActiveCfg = Debug|Any CPU
		{C423410C-936D-44D6-AEBC-A8BB323D936E}.Debug|Any CPU.Build.0 = Debug|Any CPU
		{C423410C-936D-44D6-AEBC-A8BB323D936E}.Release|Any CPU.ActiveCfg = Release|Any CPU
		{C423410C-936D-44D6-AEBC-A8BB323D936E}.Release|Any CPU.Build.0 = Release|Any CPU
	EndGlobalSection
	GlobalSection(SolutionProperties) = preSolution
		HideSolutionNode = FALSE
	EndGlobalSection
	GlobalSection(ExtensibilityGlobals) = postSolution
		SolutionGuid = {B30B9FEF-1740-48B9-B8A1-6781140CF1EF}
	EndGlobalSection
EndGlobal
